{
  "name": "my-ref-archive",
  "version": "1.0.0",
  "lockfileVersion": 3,
  "requires": true,
  "packages": {
    "": {
      "name": "my-ref-archive",
      "version": "1.0.0",
      "dependencies": {
        "@upstash/redis": "^1.34.3",
        "bcryptjs": "^3.0.3",
        "cookie": "^2.0.1"
      }
    },
    "node_modules/@upstash/redis": {
      "version": "1.38.0",
      "resolved": "https://registry.npmjs.org/@upstash/redis/-/redis-1.38.0.tgz",
      "integrity": "sha512-wu+dZBptlLy0+MCUEoHmzrY/TnmgDey3+c7EbIGwrLqAvkP8yi5MWZHYGIFtAygmL4Bkz2TdFu+eU0vFPncIcg==",
      "license": "MIT",
      "dependencies": {
        "uncrypto": "^0.1.3"
      }
    },
    "node_modules/bcryptjs": {
      "version": "3.0.3",
      "resolved": "https://registry.npmjs.org/bcryptjs/-/bcryptjs-3.0.3.tgz",
      "integrity": "sha512-GlF5wPWnSa/X5LKM1o0wz0suXIINz1iHRLvTS+sLyi7XPbe5ycmYI3DlZqVGZZtDgl4DmasFg7gOB3JYbphV5g==",
      "license": "BSD-3-Clause",
      "bin": {
        "bcrypt": "bin/bcrypt"
      }
    },
    "node_modules/cookie": {
      "version": "2.0.1",
      "resolved": "https://registry.npmjs.org/cookie/-/cookie-2.0.1.tgz",
      "integrity": "sha512-yuToqVvRrj6pfDXREyQAAv8SkAEk/8GS3jQRTiUMm66TVtBYmqQeoEjL2Lmq8Rpo6271vH76InTChTitEAm65w==",
      "license": "MIT",
      "engines": {
        "node": ">=22"
      },
      "funding": {
        "type": "opencollective",
        "url": "https://opencollective.com/express"
      }
    },
    "node_modules/uncrypto": {
      "version": "0.1.3",
      "resolved": "https://registry.npmjs.org/uncrypto/-/uncrypto-0.1.3.tgz",
      "integrity": "sha512-Ql87qFHB3s/De2ClA9e0gsnS6zXG27SkTiSJwjCc9MebbfapQfuPzumMIUMi38ezPZVNFcHI9sUIepeQfw8J8Q==",
      "license": "MIT"
    }
  }
}
